
Microsoft Visual Studio Solution File, Format Version 12.00
# Visual Studio 2013
VisualStudioVersion = 12.0.30501.0
MinimumVisualStudioVersion = 10.0.40219.1
Project("{2150E333-8FDC-42A3-9474-1A3956D46DE8}") = "Business", "Business", "{BAA07F08-8C39-4557-817F-EC0E290BC1E8}"
EndProject
Project("{2150E333-8FDC-42A3-9474-1A3956D46DE8}") = "Client", "Client", "{A692C28C-DE06-408F-A7B4-085426A0E090}"
EndProject
Project("{2150E333-8FDC-42A3-9474-1A3956D46DE8}") = "Core", "Core", "{CA8ACB7B-A1D6-4395-B00B-087FCA5682DA}"
EndProject
Project("{2150E333-8FDC-42A3-9474-1A3956D46DE8}") = "Tests", "Tests", "{5DE8DED3-99CF-48CD-B6C1-39676E2D113A}"
EndProject
Project("{FAE04EC0-301F-11D3-BF4B-00C04F79EFBC}") = "CarRental.Business.Entities", "CarRental.Business.Entities\CarRental.Business.Entities.csproj", "{31C7186A-C10E-456E-9D0A-B2F66EB8EDDC}"
EndProject
Project("{FAE04EC0-301F-11D3-BF4B-00C04F79EFBC}") = "CarRental.Client.Entities", "CarRental.Client.Entities\CarRental.Client.Entities.csproj", "{07EBF2D6-35D6-4BCE-BDE1-7FBFD7B78012}"
EndProject
Project("{FAE04EC0-301F-11D3-BF4B-00C04F79EFBC}") = "Core.Common", "Core.Common\Core.Common.csproj", "{9D0F3A69-72E6-48E4-9BA5-5BEE6141F993}"
EndProject
Project("{FAE04EC0-301F-11D3-BF4B-00C04F79EFBC}") = "Core.Common.Contracts", "Core.Common.Contracts\Core.Common.Contracts.csproj", "{CAC02A25-259E-46C4-9825-EA66D4C37769}"
EndProject
Project("{FAE04EC0-301F-11D3-BF4B-00C04F79EFBC}") = "Core.Common.Tests", "Core.Common.Tests\Core.Common.Tests.csproj", "{7529B985-C77F-4D80-8662-AEBD6B067BC4}"
EndProject
Project("{2150E333-8FDC-42A3-9474-1A3956D46DE8}") = "ResourceAccess", "ResourceAccess", "{0814F527-8CC7-4897-951A-F3B5D9CBA6F5}"
EndProject
Project("{FAE04EC0-301F-11D3-BF4B-00C04F79EFBC}") = "CarRental.Data", "CarRental.Data\CarRental.Data.csproj", "{83CE31BB-F2A5-4FAB-8237-6A15700C474F}"
EndProject
Project("{FAE04EC0-301F-11D3-BF4B-00C04F79EFBC}") = "CarRental.Data.Contracts", "CarRental.Data.Contracts\CarRental.Data.Contracts.csproj", "{7891B0C3-5505-4051-8318-24AB4BC48978}"
EndProject
Global
	GlobalSection(SolutionConfigurationPlatforms) = preSolution
		Debug|Any CPU = Debug|Any CPU
		Release|Any CPU = Release|Any CPU
	EndGlobalSection
	GlobalSection(ProjectConfigurationPlatforms) = postSolution
		{31C7186A-C10E-456E-9D0A-B2F66EB8EDDC}.Debug|Any CPU.ActiveCfg = Debug|Any CPU
		{31C7186A-C10E-456E-9D0A-B2F66EB8EDDC}.Debug|Any CPU.Build.0 = Debug|Any CPU
		{31C7186A-C10E-456E-9D0A-B2F66EB8EDDC}.Release|Any CPU.ActiveCfg = Release|Any CPU
		{31C7186A-C10E-456E-9D0A-B2F66EB8EDDC}.Release|Any CPU.Build.0 = Release|Any CPU
		{07EBF2D6-35D6-4BCE-BDE1-7FBFD7B78012}.Debug|Any CPU.ActiveCfg = Debug|Any CPU
		{07EBF2D6-35D6-4BCE-BDE1-7FBFD7B78012}.Debug|Any CPU.Build.0 = Debug|Any CPU
		{07EBF2D6-35D6-4BCE-BDE1-7FBFD7B78012}.Release|Any CPU.ActiveCfg = Release|Any CPU
		{07EBF2D6-35D6-4BCE-BDE1-7FBFD7B78012}.Release|Any CPU.Build.0 = Release|Any CPU
		{9D0F3A69-72E6-48E4-9BA5-5BEE6141F993}.Debug|Any CPU.ActiveCfg = Debug|Any CPU
		{9D0F3A69-72E6-48E4-9BA5-5BEE6141F993}.Debug|Any CPU.Build.0 = Debug|Any CPU
		{9D0F3A69-72E6-48E4-9BA5-5BEE6141F993}.Release|Any CPU.ActiveCfg = Release|Any CPU
		{9D0F3A69-72E6-48E4-9BA5-5BEE6141F993}.Release|Any CPU.Build.0 = Release|Any CPU
		{CAC02A25-259E-46C4-9825-EA66D4C37769}.Debug|Any CPU.ActiveCfg = Debug|Any CPU
		{CAC02A25-259E-46C4-9825-EA66D4C37769}.Debug|Any CPU.Build.0 = Debug|Any CPU
		{CAC02A25-259E-46C4-9825-EA66D4C37769}.Release|Any CPU.ActiveCfg = Release|Any CPU
		{CAC02A25-259E-46C4-9825-EA66D4C37769}.Release|Any CPU.Build.0 = Release|Any CPU
		{7529B985-C77F-4D80-8662-AEBD6B067BC4}.Debug|Any CPU.ActiveCfg = Debug|Any CPU
		{7529B985-C77F-4D80-8662-AEBD6B067BC4}.Debug|Any CPU.Build.0 = Debug|Any CPU
		{7529B985-C77F-4D80-8662-AEBD6B067BC4}.Release|Any CPU.ActiveCfg = Release|Any CPU
		{7529B985-C77F-4D80-8662-AEBD6B067BC4}.Release|Any CPU.Build.0 = Release|Any CPU
		{83CE31BB-F2A5-4FAB-8237-6A15700C474F}.Debug|Any CPU.ActiveCfg = Debug|Any CPU
		{83CE31BB-F2A5-4FAB-8237-6A15700C474F}.Debug|Any CPU.Build.0 = Debug|Any CPU
		{83CE31BB-F2A5-4FAB-8237-6A15700C474F}.Release|Any CPU.ActiveCfg = Release|Any CPU
		{83CE31BB-F2A5-4FAB-8237-6A15700C474F}.Release|Any CPU.Build.0 = Release|Any CPU
		{7891B0C3-5505-4051-8318-24AB4BC48978}.Debug|Any CPU.ActiveCfg = Debug|Any CPU
		{7891B0C3-5505-4051-8318-24AB4BC48978}.Debug|Any CPU.Build.0 = Debug|Any CPU
		{7891B0C3-5505-4051-8318-24AB4BC48978}.Release|Any CPU.ActiveCfg = Release|Any CPU
		{7891B0C3-5505-4051-8318-24AB4BC48978}.Release|Any CPU.Build.0 = Release|Any CPU
	EndGlobalSection
	GlobalSection(SolutionProperties) = preSolution
		HideSolutionNode = FALSE
	EndGlobalSection
	GlobalSection(NestedProjects) = preSolution
		{31C7186A-C10E-456E-9D0A-B2F66EB8EDDC} = {BAA07F08-8C39-4557-817F-EC0E290BC1E8}
		{07EBF2D6-35D6-4BCE-BDE1-7FBFD7B78012} = {A692C28C-DE06-408F-A7B4-085426A0E090}
		{9D0F3A69-72E6-48E4-9BA5-5BEE6141F993} = {CA8ACB7B-A1D6-4395-B00B-087FCA5682DA}
		{CAC02A25-259E-46C4-9825-EA66D4C37769} = {CA8ACB7B-A1D6-4395-B00B-087FCA5682DA}
		{7529B985-C77F-4D80-8662-AEBD6B067BC4} = {5DE8DED3-99CF-48CD-B6C1-39676E2D113A}
		{83CE31BB-F2A5-4FAB-8237-6A15700C474F} = {0814F527-8CC7-4897-951A-F3B5D9CBA6F5}
		{7891B0C3-5505-4051-8318-24AB4BC48978} = {0814F527-8CC7-4897-951A-F3B5D9CBA6F5}
	EndGlobalSection
EndGlobal
